# THIS IS AN AUTOGENERATED FILE. DO NOT EDIT THIS FILE DIRECTLY.
# yarn lockfile v1


n@^2.1.12:
  version "2.1.12"
  resolved "https://registry.yarnpkg.com/n/-/n-2.1.12.tgz#7bca5e103bfe3632d4c1a70dfaf9ecf774c18aed"
  integrity sha512-LbdmVo3utWB0njvNAsEHZxMesZmUBOH54VOzGpywqi03huCmi0bsSyigKCLrBxlnvlcz4Nahwt342f6w9YU3Cg==
